
Microsoft Visual Studio Solution File, Format Version 12.00
# Visual Studio Version 16
VisualStudioVersion = 16.0.31729.503
MinimumVisualStudioVersion = 10.0.40219.1
Project("{FAE04EC0-301F-11D3-BF4B-00C04F79EFBC}") = "TrainTicketReservation", "TrainTicketReservation\TrainTicketReservation.csproj", "{6E4E141D-DD79-4E84-8C30-E8C59C971E6C}"
EndProject
Global
	GlobalSection(SolutionConfigurationPlatforms) = preSolution
		Debug|Any CPU = Debug|Any CPU
		Release|Any CPU = Release|Any CPU
	EndGlobalSection
	GlobalSection(ProjectConfigurationPlatforms) = postSolution
		{6E4E141D-DD79-4E84-8C30-E8C59C971E6C}.Debug|Any CPU.ActiveCfg = Debug|Any CPU
		{6E4E141D-DD79-4E84-8C30-E8C59C971E6C}.Debug|Any CPU.Build.0 = Debug|Any CPU
		{6E4E141D-DD79-4E84-8C30-E8C59C971E6C}.Release|Any CPU.ActiveCfg = Release|Any CPU
		{6E4E141D-DD79-4E84-8C30-E8C59C971E6C}.Release|Any CPU.Build.0 = Release|Any CPU
	EndGlobalSection
	GlobalSection(SolutionProperties) = preSolution
		HideSolutionNode = FALSE
	EndGlobalSection
	GlobalSection(ExtensibilityGlobals) = postSolution
		SolutionGuid = {A45CD228-8D46-44C7-A1D2-D52EBC44E9A6}
	EndGlobalSection
EndGlobal
